
Microsoft Visual Studio Solution File, Format Version 12.00
# Visual Studio Version 16
VisualStudioVersion = 16.0.30114.105
MinimumVisualStudioVersion = 10.0.40219.1
Project("{FAE04EC0-301F-11D3-BF4B-00C04F79EFBC}") = "WebCrawler", "WebCrawler\WebCrawler.csproj", "{555E6C00-F309-49E0-9F05-EDEF3BAE85D3}"
EndProject
Project("{FAE04EC0-301F-11D3-BF4B-00C04F79EFBC}") = "Anticaptcha", "Anticaptcha\Anticaptcha.csproj", "{97F964A5-A98F-4454-B30A-F18AA78F58C5}"
EndProject
Project("{FAE04EC0-301F-11D3-BF4B-00C04F79EFBC}") = "Shared", "Shared\Shared.csproj", "{B9E7E273-A771-4F9F-8D37-2E3BB1DC7B45}"
EndProject
Global
	GlobalSection(SolutionConfigurationPlatforms) = preSolution
		Debug|Any CPU = Debug|Any CPU
		Release|Any CPU = Release|Any CPU
	EndGlobalSection
	GlobalSection(ProjectConfigurationPlatforms) = postSolution
		{555E6C00-F309-49E0-9F05-EDEF3BAE85D3}.Debug|Any CPU.ActiveCfg = Debug|Any CPU
		{555E6C00-F309-49E0-9F05-EDEF3BAE85D3}.Debug|Any CPU.Build.0 = Debug|Any CPU
		{555E6C00-F309-49E0-9F05-EDEF3BAE85D3}.Release|Any CPU.ActiveCfg = Release|Any CPU
		{555E6C00-F309-49E0-9F05-EDEF3BAE85D3}.Release|Any CPU.Build.0 = Release|Any CPU
		{97F964A5-A98F-4454-B30A-F18AA78F58C5}.Debug|Any CPU.ActiveCfg = Debug|Any CPU
		{97F964A5-A98F-4454-B30A-F18AA78F58C5}.Debug|Any CPU.Build.0 = Debug|Any CPU
		{97F964A5-A98F-4454-B30A-F18AA78F58C5}.Release|Any CPU.ActiveCfg = Release|Any CPU
		{97F964A5-A98F-4454-B30A-F18AA78F58C5}.Release|Any CPU.Build.0 = Release|Any CPU
		{B9E7E273-A771-4F9F-8D37-2E3BB1DC7B45}.Debug|Any CPU.ActiveCfg = Debug|Any CPU
		{B9E7E273-A771-4F9F-8D37-2E3BB1DC7B45}.Debug|Any CPU.Build.0 = Debug|Any CPU
		{B9E7E273-A771-4F9F-8D37-2E3BB1DC7B45}.Release|Any CPU.ActiveCfg = Release|Any CPU
		{B9E7E273-A771-4F9F-8D37-2E3BB1DC7B45}.Release|Any CPU.Build.0 = Release|Any CPU
	EndGlobalSection
	GlobalSection(SolutionProperties) = preSolution
		HideSolutionNode = FALSE
	EndGlobalSection
	GlobalSection(ExtensibilityGlobals) = postSolution
		SolutionGuid = {1EC8637A-D839-4473-98F4-D02CA65EEAF5}
	EndGlobalSection
EndGlobal
